Microsoft Visual Studio Solution File, Format Version 11.00
# Visual Studio 2008

Project("{FEDB7EEF-8FFF-56DD-B036-C85C9DCFD176}") = "SpinArena", "Assembly-CSharp.csproj", "{7BC40360-EEE7-A843-AD8E-CF2135F62A7E}"
EndProject
Global
	GlobalSection(SolutionConfigurationPlatforms) = preSolution
		Debug|Any CPU = Debug|Any CPU
		Release|Any CPU = Release|Any CPU
	EndGlobalSection
	GlobalSection(ProjectConfigurationPlatforms) = postSolution
		{7BC40360-EEE7-A843-AD8E-CF2135F62A7E}.Debug|Any CPU.ActiveCfg = Debug|Any CPU
		{7BC40360-EEE7-A843-AD8E-CF2135F62A7E}.Debug|Any CPU.Build.0 = Debug|Any CPU
		{7BC40360-EEE7-A843-AD8E-CF2135F62A7E}.Release|Any CPU.ActiveCfg = Release|Any CPU
		{7BC40360-EEE7-A843-AD8E-CF2135F62A7E}.Release|Any CPU.Build.0 = Release|Any CPU
	EndGlobalSection
	GlobalSection(SolutionProperties) = preSolution
		HideSolutionNode = FALSE
	EndGlobalSection
	GlobalSection(MonoDevelopProperties) = preSolution
		StartupItem = Assembly-CSharp.csproj
	EndGlobalSection
EndGlobal
